
Microsoft Visual Studio Solution File, Format Version 12.00
# Visual Studio Version 17
VisualStudioVersion = 17.6.33801.468
MinimumVisualStudioVersion = 10.0.40219.1
Project("{9A19103F-16F7-4668-BE54-9A1E7A4F7556}") = "CRUD_Console_Api_Client", "CRUD_Console_Api_Client\CRUD_Console_Api_Client.csproj", "{B9489D54-4400-4ADD-B15F-56B959B07114}"
EndProject
Global
	GlobalSection(SolutionConfigurationPlatforms) = preSolution
		Debug|Any CPU = Debug|Any CPU
		Release|Any CPU = Release|Any CPU
	EndGlobalSection
	GlobalSection(ProjectConfigurationPlatforms) = postSolution
		{B9489D54-4400-4ADD-B15F-56B959B07114}.Debug|Any CPU.ActiveCfg = Debug|Any CPU
		{B9489D54-4400-4ADD-B15F-56B959B07114}.Debug|Any CPU.Build.0 = Debug|Any CPU
		{B9489D54-4400-4ADD-B15F-56B959B07114}.Release|Any CPU.ActiveCfg = Release|Any CPU
		{B9489D54-4400-4ADD-B15F-56B959B07114}.Release|Any CPU.Build.0 = Release|Any CPU
	EndGlobalSection
	GlobalSection(SolutionProperties) = preSolution
		HideSolutionNode = FALSE
	EndGlobalSection
	GlobalSection(ExtensibilityGlobals) = postSolution
		SolutionGuid = {72158914-7C16-4593-89CC-E834FEF13693}
	EndGlobalSection
EndGlobal
